// !$*UTF8*$!
{
	archiveVersion = 1;
	classes = {
	};
	objectVersion = 50;
	objects = {

/* Begin PBXBuildFile section */
		C211ADA52123197D0048CD71 /* UIColor+CYMK.swift in Sources */ = {isa = PBXBuildFile; fileRef = C211ADA42123197D0048CD71 /* UIColor+CYMK.swift */; };
		C26E7D7C2121C123001EF7B9 /* Color+Hex.swift in Sources */ = {isa = PBXBuildFile; fileRef = C285DC1C2121C0250097DE7C /* Color+Hex.swift */; };
		C26E7D7D2121C123001EF7B9 /* Color+HSL.swift in Sources */ = {isa = PBXBuildFile; fileRef = C285DC1F2121C0250097DE7C /* Color+HSL.swift */; };
		C26E7D7E2121C123001EF7B9 /* Color+HSV.swift in Sources */ = {isa = PBXBuildFile; fileRef = C285DC1B2121C0250097DE7C /* Color+HSV.swift */; };
		C26E7D7F2121C123001EF7B9 /* Color+Saturation.swift in Sources */ = {isa = PBXBuildFile; fileRef = C285DC1A2121C0250097DE7C /* Color+Saturation.swift */; };
		C26E7D802121C123001EF7B9 /* Color+Scheme.swift in Sources */ = {isa = PBXBuildFile; fileRef = C285DC1E2121C0250097DE7C /* Color+Scheme.swift */; };
		C26E7D812121C123001EF7B9 /* Color+suggest.swift in Sources */ = {isa = PBXBuildFile; fileRef = C285DC1D2121C0250097DE7C /* Color+suggest.swift */; };
		C26E7D8A2121C185001EF7B9 /* ThemePicker.swift in Sources */ = {isa = PBXBuildFile; fileRef = C26E7D872121C185001EF7B9 /* ThemePicker.swift */; };
		C26E7D8B2121C185001EF7B9 /* ThemeKit.swift in Sources */ = {isa = PBXBuildFile; fileRef = C26E7D882121C185001EF7B9 /* ThemeKit.swift */; };
		C26E7D8C2121C185001EF7B9 /* ThemeManager.swift in Sources */ = {isa = PBXBuildFile; fileRef = C26E7D892121C185001EF7B9 /* ThemeManager.swift */; };
		C285DBE521218D1D0097DE7C /* ThemeKit.framework in Frameworks */ = {isa = PBXBuildFile; fileRef = C285DBDB21218D1D0097DE7C /* ThemeKit.framework */; };
		C285DBEA21218D1D0097DE7C /* ThemeKitTests.swift in Sources */ = {isa = PBXBuildFile; fileRef = C285DBE921218D1D0097DE7C /* ThemeKitTests.swift */; };
		C285DBEC21218D1D0097DE7C /* ThemeKit.h in Headers */ = {isa = PBXBuildFile; fileRef = C285DBDE21218D1D0097DE7C /* ThemeKit.h */; settings = {ATTRIBUTES = (Public, ); }; };
		C285DBFC21218EF70097DE7C /* AppDelegate.swift in Sources */ = {isa = PBXBuildFile; fileRef = C285DBFB21218EF70097DE7C /* AppDelegate.swift */; };
		C285DBFE21218EF70097DE7C /* ViewController.swift in Sources */ = {isa = PBXBuildFile; fileRef = C285DBFD21218EF70097DE7C /* ViewController.swift */; };
		C285DC0121218EF70097DE7C /* Main.storyboard in Resources */ = {isa = PBXBuildFile; fileRef = C285DBFF21218EF70097DE7C /* Main.storyboard */; };
		C285DC0321218EF70097DE7C /* Assets.xcassets in Resources */ = {isa = PBXBuildFile; fileRef = C285DC0221218EF70097DE7C /* Assets.xcassets */; };
		C285DC0621218EF70097DE7C /* LaunchScreen.storyboard in Resources */ = {isa = PBXBuildFile; fileRef = C285DC0421218EF70097DE7C /* LaunchScreen.storyboard */; };
		C285DC1121218EF80097DE7C /* DemoTests.swift in Sources */ = {isa = PBXBuildFile; fileRef = C285DC1021218EF80097DE7C /* DemoTests.swift */; };
		C2AC144B2121C31600E6BEB2 /* UITextView+Theme.swift in Sources */ = {isa = PBXBuildFile; fileRef = C2AC143A2121C31500E6BEB2 /* UITextView+Theme.swift */; };
		C2AC144C2121C31600E6BEB2 /* UINavigationBar+Theme.swift in Sources */ = {isa = PBXBuildFile; fileRef = C2AC143B2121C31500E6BEB2 /* UINavigationBar+Theme.swift */; };
		C2AC144D2121C31600E6BEB2 /* UIView+Theme.swift in Sources */ = {isa = PBXBuildFile; fileRef = C2AC143C2121C31600E6BEB2 /* UIView+Theme.swift */; };
		C2AC144E2121C31600E6BEB2 /* UITableView+Theme.swift in Sources */ = {isa = PBXBuildFile; fileRef = C2AC143D2121C31600E6BEB2 /* UITableView+Theme.swift */; };
		C2AC144F2121C31600E6BEB2 /* UIPageControl+Theme.swift in Sources */ = {isa = PBXBuildFile; fileRef = C2AC143E2121C31600E6BEB2 /* UIPageControl+Theme.swift */; };
		C2AC14502121C31600E6BEB2 /* UISearchBar+Theme.swift in Sources */ = {isa = PBXBuildFile; fileRef = C2AC143F2121C31600E6BEB2 /* UISearchBar+Theme.swift */; };
		C2AC14512121C31600E6BEB2 /* UIToolbar+Theme.swift in Sources */ = {isa = PBXBuildFile; fileRef = C2AC14402121C31600E6BEB2 /* UIToolbar+Theme.swift */; };
		C2AC14522121C31600E6BEB2 /* UISlider+Theme.swift in Sources */ = {isa = PBXBuildFile; fileRef = C2AC14412121C31600E6BEB2 /* UISlider+Theme.swift */; };
		C2AC14532121C31600E6BEB2 /* CALayer+Theme.swift in Sources */ = {isa = PBXBuildFile; fileRef = C2AC14422121C31600E6BEB2 /* CALayer+Theme.swift */; };
		C2AC14542121C31600E6BEB2 /* UILabel+Theme.swift in Sources */ = {isa = PBXBuildFile; fileRef = C2AC14432121C31600E6BEB2 /* UILabel+Theme.swift */; };
		C2AC14552121C31600E6BEB2 /* UITextField+Theme.swift in Sources */ = {isa = PBXBuildFile; fileRef = C2AC14442121C31600E6BEB2 /* UITextField+Theme.swift */; };
		C2AC14562121C31600E6BEB2 /* UIButton+Theme.swift in Sources */ = {isa = PBXBuildFile; fileRef = C2AC14452121C31600E6BEB2 /* UIButton+Theme.swift */; };
		C2AC14572121C31600E6BEB2 /* UIProgressView+Theme.swift in Sources */ = {isa = PBXBuildFile; fileRef = C2AC14462121C31600E6BEB2 /* UIProgressView+Theme.swift */; };
		C2AC14582121C31600E6BEB2 /* UIBarButtonItem+Theme.swift in Sources */ = {isa = PBXBuildFile; fileRef = C2AC14472121C31600E6BEB2 /* UIBarButtonItem+Theme.swift */; };
		C2AC14592121C31600E6BEB2 /* UISwitch+Theme.swift in Sources */ = {isa = PBXBuildFile; fileRef = C2AC14482121C31600E6BEB2 /* UISwitch+Theme.swift */; };
		C2AC145A2121C31600E6BEB2 /* UIPopoverPresentationController+Theme.swift in Sources */ = {isa = PBXBuildFile; fileRef = C2AC14492121C31600E6BEB2 /* UIPopoverPresentationController+Theme.swift */; };
		C2AC145B2121C31600E6BEB2 /* UITabbar+Theme.swift in Sources */ = {isa = PBXBuildFile; fileRef = C2AC144A2121C31600E6BEB2 /* UITabbar+Theme.swift */; };
		C2AC145D2121C3A600E6BEB2 /* ThemePrimaryColors.swift in Sources */ = {isa = PBXBuildFile; fileRef = C2AC145C2121C3A600E6BEB2 /* ThemePrimaryColors.swift */; };
		C2BA993C2122C031008B2D68 /* SonyViewController.swift in Sources */ = {isa = PBXBuildFile; fileRef = C2BA993B2122C031008B2D68 /* SonyViewController.swift */; };
		C2BA993E2122C040008B2D68 /* SonyTableViewCell.swift in Sources */ = {isa = PBXBuildFile; fileRef = C2BA993D2122C040008B2D68 /* SonyTableViewCell.swift */; };
		C2BA99462122C349008B2D68 /* 2.png in Resources */ = {isa = PBXBuildFile; fileRef = C2BA99402122C348008B2D68 /* 2.png */; };
		C2BA99472122C349008B2D68 /* 5.png in Resources */ = {isa = PBXBuildFile; fileRef = C2BA99412122C348008B2D68 /* 5.png */; };
		C2BA99482122C349008B2D68 /* 3.png in Resources */ = {isa = PBXBuildFile; fileRef = C2BA99422122C348008B2D68 /* 3.png */; };
		C2BA99492122C349008B2D68 /* 1.png in Resources */ = {isa = PBXBuildFile; fileRef = C2BA99432122C348008B2D68 /* 1.png */; };
		C2BA994A2122C349008B2D68 /* 4.png in Resources */ = {isa = PBXBuildFile; fileRef = C2BA99442122C348008B2D68 /* 4.png */; };
		C2BA994B2122C349008B2D68 /* 6.png in Resources */ = {isa = PBXBuildFile; fileRef = C2BA99452122C348008B2D68 /* 6.png */; };
		C2BA994D2122C3BA008B2D68 /* SonyData.swift in Sources */ = {isa = PBXBuildFile; fileRef = C2BA994C2122C3BA008B2D68 /* SonyData.swift */; };
		C2CFE03E2121C9E4002605D3 /* Color+RGB.swift in Sources */ = {isa = PBXBuildFile; fileRef = C2CFE03D2121C9E3002605D3 /* Color+RGB.swift */; };
		C2D430F42121C4A60038A2CE /* Color+Theme.swift in Sources */ = {isa = PBXBuildFile; fileRef = C2D430F22121C4A60038A2CE /* Color+Theme.swift */; };
		C2D431032121C6AF0038A2CE /* ThemeKit.framework in Frameworks */ = {isa = PBXBuildFile; fileRef = C285DBDB21218D1D0097DE7C /* ThemeKit.framework */; };
		C2D431042121C6AF0038A2CE /* ThemeKit.framework in Embed Frameworks */ = {isa = PBXBuildFile; fileRef = C285DBDB21218D1D0097DE7C /* ThemeKit.framework */; settings = {ATTRIBUTES = (CodeSignOnCopy, RemoveHeadersOnCopy, ); }; };
/* End PBXBuildFile section */

/* Begin PBXContainerItemProxy section */
		C285DBE621218D1D0097DE7C /* PBXContainerItemProxy */ = {
			isa = PBXContainerItemProxy;
			containerPortal = C285DBD221218D1D0097DE7C /* Project object */;
			proxyType = 1;
			remoteGlobalIDString = C285DBDA21218D1D0097DE7C;
			remoteInfo = ThemeKit;
		};
		C285DC0D21218EF80097DE7C /* PBXContainerItemProxy */ = {
			isa = PBXContainerItemProxy;
			containerPortal = C285DBD221218D1D0097DE7C /* Project object */;
			proxyType = 1;
			remoteGlobalIDString = C285DBF821218EF70097DE7C;
			remoteInfo = Demo;
		};
		C2D431052121C6AF0038A2CE /* PBXContainerItemProxy */ = {
			isa = PBXContainerItemProxy;
			containerPortal = C285DBD221218D1D0097DE7C /* Project object */;
			proxyType = 1;
			remoteGlobalIDString = C285DBDA21218D1D0097DE7C;
			remoteInfo = ThemeKit;
		};
/* End PBXContainerItemProxy section */

/* Begin PBXCopyFilesBuildPhase section */
		C2D431072121C6AF0038A2CE /* Embed Frameworks */ = {
			isa = PBXCopyFilesBuildPhase;
			buildActionMask = 2147483647;
			dstPath = "";
			dstSubfolderSpec = 10;
			files = (
				C2D431042121C6AF0038A2CE /* ThemeKit.framework in Embed Frameworks */,
			);
			name = "Embed Frameworks";
			runOnlyForDeploymentPostprocessing = 0;
		};
/* End PBXCopyFilesBuildPhase section */

/* Begin PBXFileReference section */
		C211ADA42123197D0048CD71 /* UIColor+CYMK.swift */ = {isa = PBXFileReference; lastKnownFileType = sourcecode.swift; path = "UIColor+CYMK.swift"; sourceTree = "<group>"; };
		C26E7D872121C185001EF7B9 /* ThemePicker.swift */ = {isa = PBXFileReference; fileEncoding = 4; lastKnownFileType = sourcecode.swift; path = ThemePicker.swift; sourceTree = "<group>"; };
		C26E7D882121C185001EF7B9 /* ThemeKit.swift */ = {isa = PBXFileReference; fileEncoding = 4; lastKnownFileType = sourcecode.swift; path = ThemeKit.swift; sourceTree = "<group>"; };
		C26E7D892121C185001EF7B9 /* ThemeManager.swift */ = {isa = PBXFileReference; fileEncoding = 4; lastKnownFileType = sourcecode.swift; path = ThemeManager.swift; sourceTree = "<group>"; };
		C285DBDB21218D1D0097DE7C /* ThemeKit.framework */ = {isa = PBXFileReference; explicitFileType = wrapper.framework; includeInIndex = 0; path = ThemeKit.framework; sourceTree = BUILT_PRODUCTS_DIR; };
		C285DBDE21218D1D0097DE7C /* ThemeKit.h */ = {isa = PBXFileReference; lastKnownFileType = sourcecode.c.h; path = ThemeKit.h; sourceTree = "<group>"; };
		C285DBDF21218D1D0097DE7C /* Info.plist */ = {isa = PBXFileReference; lastKnownFileType = text.plist.xml; path = Info.plist; sourceTree = "<group>"; };
		C285DBE421218D1D0097DE7C /* ThemeKitTests.xctest */ = {isa = PBXFileReference; explicitFileType = wrapper.cfbundle; includeInIndex = 0; path = ThemeKitTests.xctest; sourceTree = BUILT_PRODUCTS_DIR; };
		C285DBE921218D1D0097DE7C /* ThemeKitTests.swift */ = {isa = PBXFileReference; lastKnownFileType = sourcecode.swift; path = ThemeKitTests.swift; sourceTree = "<group>"; };
		C285DBEB21218D1D0097DE7C /* Info.plist */ = {isa = PBXFileReference; lastKnownFileType = text.plist.xml; path = Info.plist; sourceTree = "<group>"; };
		C285DBF921218EF70097DE7C /* Demo.app */ = {isa = PBXFileReference; explicitFileType = wrapper.application; includeInIndex = 0; path = Demo.app; sourceTree = BUILT_PRODUCTS_DIR; };
		C285DBFB21218EF70097DE7C /* AppDelegate.swift */ = {isa = PBXFileReference; lastKnownFileType = sourcecode.swift; path = AppDelegate.swift; sourceTree = "<group>"; };
		C285DBFD21218EF70097DE7C /* ViewController.swift */ = {isa = PBXFileReference; lastKnownFileType = sourcecode.swift; path = ViewController.swift; sourceTree = "<group>"; };
		C285DC0021218EF70097DE7C /* Base */ = {isa = PBXFileReference; lastKnownFileType = file.storyboard; name = Base; path = Base.lproj/Main.storyboard; sourceTree = "<group>"; };
		C285DC0221218EF70097DE7C /* Assets.xcassets */ = {isa = PBXFileReference; lastKnownFileType = folder.assetcatalog; path = Assets.xcassets; sourceTree = "<group>"; };
		C285DC0521218EF70097DE7C /* Base */ = {isa = PBXFileReference; lastKnownFileType = file.storyboard; name = Base; path = Base.lproj/LaunchScreen.storyboard; sourceTree = "<group>"; };
		C285DC0721218EF70097DE7C /* Info.plist */ = {isa = PBXFileReference; lastKnownFileType = text.plist.xml; path = Info.plist; sourceTree = "<group>"; };
		C285DC0C21218EF80097DE7C /* DemoTests.xctest */ = {isa = PBXFileReference; explicitFileType = wrapper.cfbundle; includeInIndex = 0; path = DemoTests.xctest; sourceTree = BUILT_PRODUCTS_DIR; };
		C285DC1021218EF80097DE7C /* DemoTests.swift */ = {isa = PBXFileReference; lastKnownFileType = sourcecode.swift; path = DemoTests.swift; sourceTree = "<group>"; };
		C285DC1221218EF80097DE7C /* Info.plist */ = {isa = PBXFileReference; lastKnownFileType = text.plist.xml; path = Info.plist; sourceTree = "<group>"; };
		C285DC1A2121C0250097DE7C /* Color+Saturation.swift */ = {isa = PBXFileReference; lastKnownFileType = sourcecode.swift; path = "Color+Saturation.swift"; sourceTree = "<group>"; };
		C285DC1B2121C0250097DE7C /* Color+HSV.swift */ = {isa = PBXFileReference; lastKnownFileType = sourcecode.swift; path = "Color+HSV.swift"; sourceTree = "<group>"; };
		C285DC1C2121C0250097DE7C /* Color+Hex.swift */ = {isa = PBXFileReference; lastKnownFileType = sourcecode.swift; path = "Color+Hex.swift"; sourceTree = "<group>"; };
		C285DC1D2121C0250097DE7C /* Color+suggest.swift */ = {isa = PBXFileReference; lastKnownFileType = sourcecode.swift; path = "Color+suggest.swift"; sourceTree = "<group>"; };
		C285DC1E2121C0250097DE7C /* Color+Scheme.swift */ = {isa = PBXFileReference; lastKnownFileType = sourcecode.swift; path = "Color+Scheme.swift"; sourceTree = "<group>"; };
		C285DC1F2121C0250097DE7C /* Color+HSL.swift */ = {isa = PBXFileReference; lastKnownFileType = sourcecode.swift; path = "Color+HSL.swift"; sourceTree = "<group>"; };
		C2AC143A2121C31500E6BEB2 /* UITextView+Theme.swift */ = {isa = PBXFileReference; fileEncoding = 4; lastKnownFileType = sourcecode.swift; path = "UITextView+Theme.swift"; sourceTree = "<group>"; };
		C2AC143B2121C31500E6BEB2 /* UINavigationBar+Theme.swift */ = {isa = PBXFileReference; fileEncoding = 4; lastKnownFileType = sourcecode.swift; path = "UINavigationBar+Theme.swift"; sourceTree = "<group>"; };
		C2AC143C2121C31600E6BEB2 /* UIView+Theme.swift */ = {isa = PBXFileReference; fileEncoding = 4; lastKnownFileType = sourcecode.swift; path = "UIView+Theme.swift"; sourceTree = "<group>"; };
		C2AC143D2121C31600E6BEB2 /* UITableView+Theme.swift */ = {isa = PBXFileReference; fileEncoding = 4; lastKnownFileType = sourcecode.swift; path = "UITableView+Theme.swift"; sourceTree = "<group>"; };
		C2AC143E2121C31600E6BEB2 /* UIPageControl+Theme.swift */ = {isa = PBXFileReference; fileEncoding = 4; lastKnownFileType = sourcecode.swift; path = "UIPageControl+Theme.swift"; sourceTree = "<group>"; };
		C2AC143F2121C31600E6BEB2 /* UISearchBar+Theme.swift */ = {isa = PBXFileReference; fileEncoding = 4; lastKnownFileType = sourcecode.swift; path = "UISearchBar+Theme.swift"; sourceTree = "<group>"; };
		C2AC14402121C31600E6BEB2 /* UIToolbar+Theme.swift */ = {isa = PBXFileReference; fileEncoding = 4; lastKnownFileType = sourcecode.swift; path = "UIToolbar+Theme.swift"; sourceTree = "<group>"; };
		C2AC14412121C31600E6BEB2 /* UISlider+Theme.swift */ = {isa = PBXFileReference; fileEncoding = 4; lastKnownFileType = sourcecode.swift; path = "UISlider+Theme.swift"; sourceTree = "<group>"; };
		C2AC14422121C31600E6BEB2 /* CALayer+Theme.swift */ = {isa = PBXFileReference; fileEncoding = 4; lastKnownFileType = sourcecode.swift; path = "CALayer+Theme.swift"; sourceTree = "<group>"; };
		C2AC14432121C31600E6BEB2 /* UILabel+Theme.swift */ = {isa = PBXFileReference; fileEncoding = 4; lastKnownFileType = sourcecode.swift; path = "UILabel+Theme.swift"; sourceTree = "<group>"; };
		C2AC14442121C31600E6BEB2 /* UITextField+Theme.swift */ = {isa = PBXFileReference; fileEncoding = 4; lastKnownFileType = sourcecode.swift; path = "UITextField+Theme.swift"; sourceTree = "<group>"; };
		C2AC14452121C31600E6BEB2 /* UIButton+Theme.swift */ = {isa = PBXFileReference; fileEncoding = 4; lastKnownFileType = sourcecode.swift; path = "UIButton+Theme.swift"; sourceTree = "<group>"; };
		C2AC14462121C31600E6BEB2 /* UIProgressView+Theme.swift */ = {isa = PBXFileReference; fileEncoding = 4; lastKnownFileType = sourcecode.swift; path = "UIProgressView+Theme.swift"; sourceTree = "<group>"; };
		C2AC14472121C31600E6BEB2 /* UIBarButtonItem+Theme.swift */ = {isa = PBXFileReference; fileEncoding = 4; lastKnownFileType = sourcecode.swift; path = "UIBarButtonItem+Theme.swift"; sourceTree = "<group>"; };
		C2AC14482121C31600E6BEB2 /* UISwitch+Theme.swift */ = {isa = PBXFileReference; fileEncoding = 4; lastKnownFileType = sourcecode.swift; path = "UISwitch+Theme.swift"; sourceTree = "<group>"; };
		C2AC14492121C31600E6BEB2 /* UIPopoverPresentationController+Theme.swift */ = {isa = PBXFileReference; fileEncoding = 4; lastKnownFileType = sourcecode.swift; path = "UIPopoverPresentationController+Theme.swift"; sourceTree = "<group>"; };
		C2AC144A2121C31600E6BEB2 /* UITabbar+Theme.swift */ = {isa = PBXFileReference; fileEncoding = 4; lastKnownFileType = sourcecode.swift; path = "UITabbar+Theme.swift"; sourceTree = "<group>"; };
		C2AC145C2121C3A600E6BEB2 /* ThemePrimaryColors.swift */ = {isa = PBXFileReference; fileEncoding = 4; lastKnownFileType = sourcecode.swift; path = ThemePrimaryColors.swift; sourceTree = "<group>"; };
		C2BA993B2122C031008B2D68 /* SonyViewController.swift */ = {isa = PBXFileReference; lastKnownFileType = sourcecode.swift; path = SonyViewController.swift; sourceTree = "<group>"; };
		C2BA993D2122C040008B2D68 /* SonyTableViewCell.swift */ = {isa = PBXFileReference; lastKnownFileType = sourcecode.swift; path = SonyTableViewCell.swift; sourceTree = "<group>"; };
		C2BA99402122C348008B2D68 /* 2.png */ = {isa = PBXFileReference; lastKnownFileType = image.png; path = 2.png; sourceTree = "<group>"; };
		C2BA99412122C348008B2D68 /* 5.png */ = {isa = PBXFileReference; lastKnownFileType = image.png; path = 5.png; sourceTree = "<group>"; };
		C2BA99422122C348008B2D68 /* 3.png */ = {isa = PBXFileReference; lastKnownFileType = image.png; path = 3.png; sourceTree = "<group>"; };
		C2BA99432122C348008B2D68 /* 1.png */ = {isa = PBXFileReference; lastKnownFileType = image.png; path = 1.png; sourceTree = "<group>"; };
		C2BA99442122C348008B2D68 /* 4.png */ = {isa = PBXFileReference; lastKnownFileType = image.png; path = 4.png; sourceTree = "<group>"; };
		C2BA99452122C348008B2D68 /* 6.png */ = {isa = PBXFileReference; lastKnownFileType = image.png; path = 6.png; sourceTree = "<group>"; };
		C2BA994C2122C3BA008B2D68 /* SonyData.swift */ = {isa = PBXFileReference; lastKnownFileType = sourcecode.swift; path = SonyData.swift; sourceTree = "<group>"; };
		C2CFE03D2121C9E3002605D3 /* Color+RGB.swift */ = {isa = PBXFileReference; fileEncoding = 4; lastKnownFileType = sourcecode.swift; path = "Color+RGB.swift"; sourceTree = "<group>"; };
		C2D430F22121C4A60038A2CE /* Color+Theme.swift */ = {isa = PBXFileReference; fileEncoding = 4; lastKnownFileType = sourcecode.swift; path = "Color+Theme.swift"; sourceTree = "<group>"; };
/* End PBXFileReference section */

/* Begin PBXFrameworksBuildPhase section */
		C285DBD821218D1D0097DE7C /* Frameworks */ = {
			isa = PBXFrameworksBuildPhase;
			buildActionMask = 2147483647;
			files = (
			);
			runOnlyForDeploymentPostprocessing = 0;
		};
		C285DBE121218D1D0097DE7C /* Frameworks */ = {
			isa = PBXFrameworksBuildPhase;
			buildActionMask = 2147483647;
			files = (
				C285DBE521218D1D0097DE7C /* ThemeKit.framework in Frameworks */,
			);
			runOnlyForDeploymentPostprocessing = 0;
		};
		C285DBF621218EF70097DE7C /* Frameworks */ = {
			isa = PBXFrameworksBuildPhase;
			buildActionMask = 2147483647;
			files = (
				C2D431032121C6AF0038A2CE /* ThemeKit.framework in Frameworks */,
			);
			runOnlyForDeploymentPostprocessing = 0;
		};
		C285DC0921218EF80097DE7C /* Frameworks */ = {
			isa = PBXFrameworksBuildPhase;
			buildActionMask = 2147483647;
			files = (
			);
			runOnlyForDeploymentPostprocessing = 0;
		};
/* End PBXFrameworksBuildPhase section */

/* Begin PBXGroup section */
		C285DBD121218D1D0097DE7C = {
			isa = PBXGroup;
			children = (
				C285DBDD21218D1D0097DE7C /* ThemeKit */,
				C285DBE821218D1D0097DE7C /* ThemeKitTests */,
				C285DBFA21218EF70097DE7C /* Demo */,
				C285DC0F21218EF80097DE7C /* DemoTests */,
				C285DBDC21218D1D0097DE7C /* Products */,
			);
			sourceTree = "<group>";
		};
		C285DBDC21218D1D0097DE7C /* Products */ = {
			isa = PBXGroup;
			children = (
				C285DBDB21218D1D0097DE7C /* ThemeKit.framework */,
				C285DBE421218D1D0097DE7C /* ThemeKitTests.xctest */,
				C285DBF921218EF70097DE7C /* Demo.app */,
				C285DC0C21218EF80097DE7C /* DemoTests.xctest */,
			);
			name = Products;
			sourceTree = "<group>";
		};
		C285DBDD21218D1D0097DE7C /* ThemeKit */ = {
			isa = PBXGroup;
			children = (
				C2CFE03C2121C09C002605D3 /* UIKit+Theme */,
				C285DC192121BFF80097DE7C /* UIColor+Extension */,
				C26E7D882121C185001EF7B9 /* ThemeKit.swift */,
				C26E7D892121C185001EF7B9 /* ThemeManager.swift */,
				C26E7D872121C185001EF7B9 /* ThemePicker.swift */,
				C285DBDE21218D1D0097DE7C /* ThemeKit.h */,
				C285DBDF21218D1D0097DE7C /* Info.plist */,
			);
			path = ThemeKit;
			sourceTree = "<group>";
		};
		C285DBE821218D1D0097DE7C /* ThemeKitTests */ = {
			isa = PBXGroup;
			children = (
				C285DBE921218D1D0097DE7C /* ThemeKitTests.swift */,
				C285DBEB21218D1D0097DE7C /* Info.plist */,
			);
			path = ThemeKitTests;
			sourceTree = "<group>";
		};
		C285DBFA21218EF70097DE7C /* Demo */ = {
			isa = PBXGroup;
			children = (
				C2BA993F2122C33D008B2D68 /* Resource */,
				C285DBFB21218EF70097DE7C /* AppDelegate.swift */,
				C2AC145C2121C3A600E6BEB2 /* ThemePrimaryColors.swift */,
				C285DBFD21218EF70097DE7C /* ViewController.swift */,
				C2BA993B2122C031008B2D68 /* SonyViewController.swift */,
				C2BA993D2122C040008B2D68 /* SonyTableViewCell.swift */,
				C2BA994C2122C3BA008B2D68 /* SonyData.swift */,
				C285DBFF21218EF70097DE7C /* Main.storyboard */,
				C285DC0221218EF70097DE7C /* Assets.xcassets */,
				C285DC0421218EF70097DE7C /* LaunchScreen.storyboard */,
				C285DC0721218EF70097DE7C /* Info.plist */,
			);
			path = Demo;
			sourceTree = "<group>";
		};
		C285DC0F21218EF80097DE7C /* DemoTests */ = {
			isa = PBXGroup;
			children = (
				C285DC1021218EF80097DE7C /* DemoTests.swift */,
				C285DC1221218EF80097DE7C /* Info.plist */,
			);
			path = DemoTests;
			sourceTree = "<group>";
		};
		C285DC192121BFF80097DE7C /* UIColor+Extension */ = {
			isa = PBXGroup;
			children = (
				C285DC1C2121C0250097DE7C /* Color+Hex.swift */,
				C285DC1F2121C0250097DE7C /* Color+HSL.swift */,
				C285DC1B2121C0250097DE7C /* Color+HSV.swift */,
				C285DC1A2121C0250097DE7C /* Color+Saturation.swift */,
				C285DC1E2121C0250097DE7C /* Color+Scheme.swift */,
				C285DC1D2121C0250097DE7C /* Color+suggest.swift */,
				C2D430F22121C4A60038A2CE /* Color+Theme.swift */,
				C2CFE03D2121C9E3002605D3 /* Color+RGB.swift */,
				C211ADA42123197D0048CD71 /* UIColor+CYMK.swift */,
			);
			path = "UIColor+Extension";
			sourceTree = "<group>";
		};
		C2BA993F2122C33D008B2D68 /* Resource */ = {
			isa = PBXGroup;
			children = (
				C2BA99432122C348008B2D68 /* 1.png */,
				C2BA99402122C348008B2D68 /* 2.png */,
				C2BA99422122C348008B2D68 /* 3.png */,
				C2BA99442122C348008B2D68 /* 4.png */,
				C2BA99412122C348008B2D68 /* 5.png */,
				C2BA99452122C348008B2D68 /* 6.png */,
			);
			path = Resource;
			sourceTree = "<group>";
		};
		C2CFE03C2121C09C002605D3 /* UIKit+Theme */ = {
			isa = PBXGroup;
			children = (
				C2AC14422121C31600E6BEB2 /* CALayer+Theme.swift */,
				C2AC14472121C31600E6BEB2 /* UIBarButtonItem+Theme.swift */,
				C2AC14452121C31600E6BEB2 /* UIButton+Theme.swift */,
				C2AC14432121C31600E6BEB2 /* UILabel+Theme.swift */,
				C2AC143B2121C31500E6BEB2 /* UINavigationBar+Theme.swift */,
				C2AC143E2121C31600E6BEB2 /* UIPageControl+Theme.swift */,
				C2AC14492121C31600E6BEB2 /* UIPopoverPresentationController+Theme.swift */,
				C2AC14462121C31600E6BEB2 /* UIProgressView+Theme.swift */,
				C2AC143F2121C31600E6BEB2 /* UISearchBar+Theme.swift */,
				C2AC14412121C31600E6BEB2 /* UISlider+Theme.swift */,
				C2AC14482121C31600E6BEB2 /* UISwitch+Theme.swift */,
				C2AC144A2121C31600E6BEB2 /* UITabbar+Theme.swift */,
				C2AC143D2121C31600E6BEB2 /* UITableView+Theme.swift */,
				C2AC14442121C31600E6BEB2 /* UITextField+Theme.swift */,
				C2AC143A2121C31500E6BEB2 /* UITextView+Theme.swift */,
				C2AC14402121C31600E6BEB2 /* UIToolbar+Theme.swift */,
				C2AC143C2121C31600E6BEB2 /* UIView+Theme.swift */,
			);
			path = "UIKit+Theme";
			sourceTree = "<group>";
		};
/* End PBXGroup section */

/* Begin PBXHeadersBuildPhase section */
		C285DBD621218D1D0097DE7C /* Headers */ = {
			isa = PBXHeadersBuildPhase;
			buildActionMask = 2147483647;
			files = (
				C285DBEC21218D1D0097DE7C /* ThemeKit.h in Headers */,
			);
			runOnlyForDeploymentPostprocessing = 0;
		};
/* End PBXHeadersBuildPhase section */

/* Begin PBXNativeTarget section */
		C285DBDA21218D1D0097DE7C /* ThemeKit */ = {
			isa = PBXNativeTarget;
			buildConfigurationList = C285DBEF21218D1D0097DE7C /* Build configuration list for PBXNativeTarget "ThemeKit" */;
			buildPhases = (
				C285DBD621218D1D0097DE7C /* Headers */,
				C285DBD721218D1D0097DE7C /* Sources */,
				C285DBD821218D1D0097DE7C /* Frameworks */,
				C285DBD921218D1D0097DE7C /* Resources */,
			);
			buildRules = (
			);
			dependencies = (
			);
			name = ThemeKit;
			productName = ThemeKit;
			productReference = C285DBDB21218D1D0097DE7C /* ThemeKit.framework */;
			productType = "com.apple.product-type.framework";
		};
		C285DBE321218D1D0097DE7C /* ThemeKitTests */ = {
			isa = PBXNativeTarget;
			buildConfigurationList = C285DBF221218D1D0097DE7C /* Build configuration list for PBXNativeTarget "ThemeKitTests" */;
			buildPhases = (
				C285DBE021218D1D0097DE7C /* Sources */,
				C285DBE121218D1D0097DE7C /* Frameworks */,
				C285DBE221218D1D0097DE7C /* Resources */,
			);
			buildRules = (
			);
			dependencies = (
				C285DBE721218D1D0097DE7C /* PBXTargetDependency */,
			);
			name = ThemeKitTests;
			productName = ThemeKitTests;
			productReference = C285DBE421218D1D0097DE7C /* ThemeKitTests.xctest */;
			productType = "com.apple.product-type.bundle.unit-test";
		};
		C285DBF821218EF70097DE7C /* Demo */ = {
			isa = PBXNativeTarget;
			buildConfigurationList = C285DC1321218EF80097DE7C /* Build configuration list for PBXNativeTarget "Demo" */;
			buildPhases = (
				C285DBF521218EF70097DE7C /* Sources */,
				C285DBF621218EF70097DE7C /* Frameworks */,
				C285DBF721218EF70097DE7C /* Resources */,
				C2D431072121C6AF0038A2CE /* Embed Frameworks */,
			);
			buildRules = (
			);
			dependencies = (
				C2D431062121C6AF0038A2CE /* PBXTargetDependency */,
			);
			name = Demo;
			productName = Demo;
			productReference = C285DBF921218EF70097DE7C /* Demo.app */;
			productType = "com.apple.product-type.application";
		};
		C285DC0B21218EF80097DE7C /* DemoTests */ = {
			isa = PBXNativeTarget;
			buildConfigurationList = C285DC1621218EF80097DE7C /* Build configuration list for PBXNativeTarget "DemoTests" */;
			buildPhases = (
				C285DC0821218EF80097DE7C /* Sources */,
				C285DC0921218EF80097DE7C /* Frameworks */,
				C285DC0A21218EF80097DE7C /* Resources */,
			);
			buildRules = (
			);
			dependencies = (
				C285DC0E21218EF80097DE7C /* PBXTargetDependency */,
			);
			name = DemoTests;
			productName = DemoTests;
			productReference = C285DC0C21218EF80097DE7C /* DemoTests.xctest */;
			productType = "com.apple.product-type.bundle.unit-test";
		};
/* End PBXNativeTarget section */

/* Begin PBXProject section */
		C285DBD221218D1D0097DE7C /* Project object */ = {
			isa = PBXProject;
			attributes = {
				LastSwiftUpdateCheck = 1000;
				LastUpgradeCheck = 1000;
				ORGANIZATIONNAME = Octree;
				TargetAttributes = {
					C285DBDA21218D1D0097DE7C = {
						CreatedOnToolsVersion = 10.0;
						LastSwiftMigration = 0940;
					};
					C285DBE321218D1D0097DE7C = {
						CreatedOnToolsVersion = 10.0;
					};
					C285DBF821218EF70097DE7C = {
						CreatedOnToolsVersion = 10.0;
					};
					C285DC0B21218EF80097DE7C = {
						CreatedOnToolsVersion = 10.0;
						TestTargetID = C285DBF821218EF70097DE7C;
					};
				};
			};
			buildConfigurationList = C285DBD521218D1D0097DE7C /* Build configuration list for PBXProject "ThemeKit" */;
			compatibilityVersion = "Xcode 9.3";
			developmentRegion = en;
			hasScannedForEncodings = 0;
			knownRegions = (
				en,
				Base,
			);
			mainGroup = C285DBD121218D1D0097DE7C;
			productRefGroup = C285DBDC21218D1D0097DE7C /* Products */;
			projectDirPath = "";
			projectRoot = "";
			targets = (
				C285DBDA21218D1D0097DE7C /* ThemeKit */,
				C285DBE321218D1D0097DE7C /* ThemeKitTests */,
				C285DBF821218EF70097DE7C /* Demo */,
				C285DC0B21218EF80097DE7C /* DemoTests */,
			);
		};
/* End PBXProject section */

/* Begin PBXResourcesBuildPhase section */
		C285DBD921218D1D0097DE7C /* Resources */ = {
			isa = PBXResourcesBuildPhase;
			buildActionMask = 2147483647;
			files = (
			);
			runOnlyForDeploymentPostprocessing = 0;
		};
		C285DBE221218D1D0097DE7C /* Resources */ = {
			isa = PBXResourcesBuildPhase;
			buildActionMask = 2147483647;
			files = (
			);
			runOnlyForDeploymentPostprocessing = 0;
		};
		C285DBF721218EF70097DE7C /* Resources */ = {
			isa = PBXResourcesBuildPhase;
			buildActionMask = 2147483647;
			files = (
				C285DC0621218EF70097DE7C /* LaunchScreen.storyboard in Resources */,
				C2BA99472122C349008B2D68 /* 5.png in Resources */,
				C285DC0321218EF70097DE7C /* Assets.xcassets in Resources */,
				C2BA994B2122C349008B2D68 /* 6.png in Resources */,
				C2BA99482122C349008B2D68 /* 3.png in Resources */,
				C2BA994A2122C349008B2D68 /* 4.png in Resources */,
				C2BA99462122C349008B2D68 /* 2.png in Resources */,
				C285DC0121218EF70097DE7C /* Main.storyboard in Resources */,
				C2BA99492122C349008B2D68 /* 1.png in Resources */,
			);
			runOnlyForDeploymentPostprocessing = 0;
		};
		C285DC0A21218EF80097DE7C /* Resources */ = {
			isa = PBXResourcesBuildPhase;
			buildActionMask = 2147483647;
			files = (
			);
			runOnlyForDeploymentPostprocessing = 0;
		};
/* End PBXResourcesBuildPhase section */

/* Begin PBXSourcesBuildPhase section */
		C285DBD721218D1D0097DE7C /* Sources */ = {
			isa = PBXSourcesBuildPhase;
			buildActionMask = 2147483647;
			files = (
				C26E7D812121C123001EF7B9 /* Color+suggest.swift in Sources */,
				C2AC14582121C31600E6BEB2 /* UIBarButtonItem+Theme.swift in Sources */,
				C2AC14572121C31600E6BEB2 /* UIProgressView+Theme.swift in Sources */,
				C2AC145B2121C31600E6BEB2 /* UITabbar+Theme.swift in Sources */,
				C2AC14522121C31600E6BEB2 /* UISlider+Theme.swift in Sources */,
				C2AC145A2121C31600E6BEB2 /* UIPopoverPresentationController+Theme.swift in Sources */,
				C2CFE03E2121C9E4002605D3 /* Color+RGB.swift in Sources */,
				C26E7D8B2121C185001EF7B9 /* ThemeKit.swift in Sources */,
				C26E7D7C2121C123001EF7B9 /* Color+Hex.swift in Sources */,
				C26E7D8A2121C185001EF7B9 /* ThemePicker.swift in Sources */,
				C2D430F42121C4A60038A2CE /* Color+Theme.swift in Sources */,
				C26E7D7F2121C123001EF7B9 /* Color+Saturation.swift in Sources */,
				C2AC144D2121C31600E6BEB2 /* UIView+Theme.swift in Sources */,
				C26E7D802121C123001EF7B9 /* Color+Scheme.swift in Sources */,
				C2AC14532121C31600E6BEB2 /* CALayer+Theme.swift in Sources */,
				C211ADA52123197D0048CD71 /* UIColor+CYMK.swift in Sources */,
				C2AC144C2121C31600E6BEB2 /* UINavigationBar+Theme.swift in Sources */,
				C2AC14552121C31600E6BEB2 /* UITextField+Theme.swift in Sources */,
				C2AC14542121C31600E6BEB2 /* UILabel+Theme.swift in Sources */,
				C26E7D7D2121C123001EF7B9 /* Color+HSL.swift in Sources */,
				C2AC14502121C31600E6BEB2 /* UISearchBar+Theme.swift in Sources */,
				C2AC144B2121C31600E6BEB2 /* UITextView+Theme.swift in Sources */,
				C2AC14512121C31600E6BEB2 /* UIToolbar+Theme.swift in Sources */,
				C2AC144E2121C31600E6BEB2 /* UITableView+Theme.swift in Sources */,
				C2AC14592121C31600E6BEB2 /* UISwitch+Theme.swift in Sources */,
				C26E7D7E2121C123001EF7B9 /* Color+HSV.swift in Sources */,
				C2AC144F2121C31600E6BEB2 /* UIPageControl+Theme.swift in Sources */,
				C2AC14562121C31600E6BEB2 /* UIButton+Theme.swift in Sources */,
				C26E7D8C2121C185001EF7B9 /* ThemeManager.swift in Sources */,
			);
			runOnlyForDeploymentPostprocessing = 0;
		};
		C285DBE021218D1D0097DE7C /* Sources */ = {
			isa = PBXSourcesBuildPhase;
			buildActionMask = 2147483647;
			files = (
				C285DBEA21218D1D0097DE7C /* ThemeKitTests.swift in Sources */,
			);
			runOnlyForDeploymentPostprocessing = 0;
		};
		C285DBF521218EF70097DE7C /* Sources */ = {
			isa = PBXSourcesBuildPhase;
			buildActionMask = 2147483647;
			files = (
				C2AC145D2121C3A600E6BEB2 /* ThemePrimaryColors.swift in Sources */,
				C2BA993E2122C040008B2D68 /* SonyTableViewCell.swift in Sources */,
				C285DBFE21218EF70097DE7C /* ViewController.swift in Sources */,
				C285DBFC21218EF70097DE7C /* AppDelegate.swift in Sources */,
				C2BA994D2122C3BA008B2D68 /* SonyData.swift in Sources */,
				C2BA993C2122C031008B2D68 /* SonyViewController.swift in Sources */,
			);
			runOnlyForDeploymentPostprocessing = 0;
		};
		C285DC0821218EF80097DE7C /* Sources */ = {
			isa = PBXSourcesBuildPhase;
			buildActionMask = 2147483647;
			files = (
				C285DC1121218EF80097DE7C /* DemoTests.swift in Sources */,
			);
			runOnlyForDeploymentPostprocessing = 0;
		};
/* End PBXSourcesBuildPhase section */

/* Begin PBXTargetDependency section */
		C285DBE721218D1D0097DE7C /* PBXTargetDependency */ = {
			isa = PBXTargetDependency;
			target = C285DBDA21218D1D0097DE7C /* ThemeKit */;
			targetProxy = C285DBE621218D1D0097DE7C /* PBXContainerItemProxy */;
		};
		C285DC0E21218EF80097DE7C /* PBXTargetDependency */ = {
			isa = PBXTargetDependency;
			target = C285DBF821218EF70097DE7C /* Demo */;
			targetProxy = C285DC0D21218EF80097DE7C /* PBXContainerItemProxy */;
		};
		C2D431062121C6AF0038A2CE /* PBXTargetDependency */ = {
			isa = PBXTargetDependency;
			target = C285DBDA21218D1D0097DE7C /* ThemeKit */;
			targetProxy = C2D431052121C6AF0038A2CE /* PBXContainerItemProxy */;
		};
/* End PBXTargetDependency section */

/* Begin PBXVariantGroup section */
		C285DBFF21218EF70097DE7C /* Main.storyboard */ = {
			isa = PBXVariantGroup;
			children = (
				C285DC0021218EF70097DE7C /* Base */,
			);
			name = Main.storyboard;
			sourceTree = "<group>";
		};
		C285DC0421218EF70097DE7C /* LaunchScreen.storyboard */ = {
			isa = PBXVariantGroup;
			children = (
				C285DC0521218EF70097DE7C /* Base */,
			);
			name = LaunchScreen.storyboard;
			sourceTree = "<group>";
		};
/* End PBXVariantGroup section */

/* Begin XCBuildConfiguration section */
		C285DBED21218D1D0097DE7C /* Debug */ = {
			isa = XCBuildConfiguration;
			buildSettings = {
				ALWAYS_SEARCH_USER_PATHS = NO;
				CLANG_ANALYZER_NONNULL = YES;
				CLANG_ANALYZER_NUMBER_OBJECT_CONVERSION = YES_AGGRESSIVE;
				CLANG_CXX_LANGUAGE_STANDARD = "gnu++14";
				CLANG_CXX_LIBRARY = "libc++";
				CLANG_ENABLE_MODULES = YES;
				CLANG_ENABLE_OBJC_ARC = YES;
				CLANG_ENABLE_OBJC_WEAK = YES;
				CLANG_WARN_BLOCK_CAPTURE_AUTORELEASING = YES;
				CLANG_WARN_BOOL_CONVERSION = YES;
				CLANG_WARN_COMMA = YES;
				CLANG_WARN_CONSTANT_CONVERSION = YES;
				CLANG_WARN_DEPRECATED_OBJC_IMPLEMENTATIONS = YES;
				CLANG_WARN_DIRECT_OBJC_ISA_USAGE = YES_ERROR;
				CLANG_WARN_DOCUMENTATION_COMMENTS = YES;
				CLANG_WARN_EMPTY_BODY = YES;
				CLANG_WARN_ENUM_CONVERSION = YES;
				CLANG_WARN_INFINITE_RECURSION = YES;
				CLANG_WARN_INT_CONVERSION = YES;
				CLANG_WARN_NON_LITERAL_NULL_CONVERSION = YES;
				CLANG_WARN_OBJC_IMPLICIT_RETAIN_SELF = YES;
				CLANG_WARN_OBJC_LITERAL_CONVERSION = YES;
				CLANG_WARN_OBJC_ROOT_CLASS = YES_ERROR;
				CLANG_WARN_RANGE_LOOP_ANALYSIS = YES;
				CLANG_WARN_STRICT_PROTOTYPES = YES;
				CLANG_WARN_SUSPICIOUS_MOVE = YES;
				CLANG_WARN_UNGUARDED_AVAILABILITY = YES_AGGRESSIVE;
				CLANG_WARN_UNREACHABLE_CODE = YES;
				CLANG_WARN__DUPLICATE_METHOD_MATCH = YES;
				CODE_SIGN_IDENTITY = "iPhone Developer";
				COPY_PHASE_STRIP = NO;
				CURRENT_PROJECT_VERSION = 1;
				DEBUG_INFORMATION_FORMAT = dwarf;
				ENABLE_STRICT_OBJC_MSGSEND = YES;
				ENABLE_TESTABILITY = YES;
				GCC_C_LANGUAGE_STANDARD = gnu11;
				GCC_DYNAMIC_NO_PIC = NO;
				GCC_NO_COMMON_BLOCKS = YES;
				GCC_OPTIMIZATION_LEVEL = 0;
				GCC_PREPROCESSOR_DEFINITIONS = (
					"DEBUG=1",
					"$(inherited)",
				);
				GCC_WARN_64_TO_32_BIT_CONVERSION = YES;
				GCC_WARN_ABOUT_RETURN_TYPE = YES_ERROR;
				GCC_WARN_UNDECLARED_SELECTOR = YES;
				GCC_WARN_UNINITIALIZED_AUTOS = YES_AGGRESSIVE;
				GCC_WARN_UNUSED_FUNCTION = YES;
				GCC_WARN_UNUSED_VARIABLE = YES;
				IPHONEOS_DEPLOYMENT_TARGET = 12.0;
				MTL_ENABLE_DEBUG_INFO = INCLUDE_SOURCE;
				MTL_FAST_MATH = YES;
				ONLY_ACTIVE_ARCH = YES;
				SDKROOT = iphoneos;
				SWIFT_ACTIVE_COMPILATION_CONDITIONS = DEBUG;
				SWIFT_OPTIMIZATION_LEVEL = "-Onone";
				VERSIONING_SYSTEM = "apple-generic";
				VERSION_INFO_PREFIX = "";
			};
			name = Debug;
		};
		C285DBEE21218D1D0097DE7C /* Release */ = {
			isa = XCBuildConfiguration;
			buildSettings = {
				ALWAYS_SEARCH_USER_PATHS = NO;
				CLANG_ANALYZER_NONNULL = YES;
				CLANG_ANALYZER_NUMBER_OBJECT_CONVERSION = YES_AGGRESSIVE;
				CLANG_CXX_LANGUAGE_STANDARD = "gnu++14";
				CLANG_CXX_LIBRARY = "libc++";
				CLANG_ENABLE_MODULES = YES;
				CLANG_ENABLE_OBJC_ARC = YES;
				CLANG_ENABLE_OBJC_WEAK = YES;
				CLANG_WARN_BLOCK_CAPTURE_AUTORELEASING = YES;
				CLANG_WARN_BOOL_CONVERSION = YES;
				CLANG_WARN_COMMA = YES;
				CLANG_WARN_CONSTANT_CONVERSION = YES;
				CLANG_WARN_DEPRECATED_OBJC_IMPLEMENTATIONS = YES;
				CLANG_WARN_DIRECT_OBJC_ISA_USAGE = YES_ERROR;
				CLANG_WARN_DOCUMENTATION_COMMENTS = YES;
				CLANG_WARN_EMPTY_BODY = YES;
				CLANG_WARN_ENUM_CONVERSION = YES;
				CLANG_WARN_INFINITE_RECURSION = YES;
				CLANG_WARN_INT_CONVERSION = YES;
				CLANG_WARN_NON_LITERAL_NULL_CONVERSION = YES;
				CLANG_WARN_OBJC_IMPLICIT_RETAIN_SELF = YES;
				CLANG_WARN_OBJC_LITERAL_CONVERSION = YES;
				CLANG_WARN_OBJC_ROOT_CLASS = YES_ERROR;
				CLANG_WARN_RANGE_LOOP_ANALYSIS = YES;
				CLANG_WARN_STRICT_PROTOTYPES = YES;
				CLANG_WARN_SUSPICIOUS_MOVE = YES;
				CLANG_WARN_UNGUARDED_AVAILABILITY = YES_AGGRESSIVE;
				CLANG_WARN_UNREACHABLE_CODE = YES;
				CLANG_WARN__DUPLICATE_METHOD_MATCH = YES;
				CODE_SIGN_IDENTITY = "iPhone Developer";
				COPY_PHASE_STRIP = NO;
				CURRENT_PROJECT_VERSION = 1;
				DEBUG_INFORMATION_FORMAT = "dwarf-with-dsym";
				ENABLE_NS_ASSERTIONS = NO;
				ENABLE_STRICT_OBJC_MSGSEND = YES;
				GCC_C_LANGUAGE_STANDARD = gnu11;
				GCC_NO_COMMON_BLOCKS = YES;
				GCC_WARN_64_TO_32_BIT_CONVERSION = YES;
				GCC_WARN_ABOUT_RETURN_TYPE = YES_ERROR;
				GCC_WARN_UNDECLARED_SELECTOR = YES;
				GCC_WARN_UNINITIALIZED_AUTOS = YES_AGGRESSIVE;
				GCC_WARN_UNUSED_FUNCTION = YES;
				GCC_WARN_UNUSED_VARIABLE = YES;
				IPHONEOS_DEPLOYMENT_TARGET = 12.0;
				MTL_ENABLE_DEBUG_INFO = NO;
				MTL_FAST_MATH = YES;
				SDKROOT = iphoneos;
				SWIFT_COMPILATION_MODE = wholemodule;
				SWIFT_OPTIMIZATION_LEVEL = "-O";
				VALIDATE_PRODUCT = YES;
				VERSIONING_SYSTEM = "apple-generic";
				VERSION_INFO_PREFIX = "";
			};
			name = Release;
		};
		C285DBF021218D1D0097DE7C /* Debug */ = {
			isa = XCBuildConfiguration;
			buildSettings = {
				CLANG_ENABLE_MODULES = YES;
				CODE_SIGN_IDENTITY = "";
				CODE_SIGN_STYLE = Automatic;
				DEFINES_MODULE = YES;
				DEVELOPMENT_TEAM = 7A5GV3DH33;
				DYLIB_COMPATIBILITY_VERSION = 1;
				DYLIB_CURRENT_VERSION = 1;
				DYLIB_INSTALL_NAME_BASE = "@rpath";
				INFOPLIST_FILE = ThemeKit/Info.plist;
				INSTALL_PATH = "$(LOCAL_LIBRARY_DIR)/Frameworks";
				LD_RUNPATH_SEARCH_PATHS = (
					"$(inherited)",
					"@executable_path/Frameworks",
					"@loader_path/Frameworks",
				);
				PRODUCT_BUNDLE_IDENTIFIER = me.octree.ThemeKit;
				PRODUCT_NAME = "$(TARGET_NAME:c99extidentifier)";
				SKIP_INSTALL = YES;
				SWIFT_OPTIMIZATION_LEVEL = "-Onone";
				SWIFT_VERSION = 4.2;
				TARGETED_DEVICE_FAMILY = "1,2";
			};
			name = Debug;
		};
		C285DBF121218D1D0097DE7C /* Release */ = {
			isa = XCBuildConfiguration;
			buildSettings = {
				CLANG_ENABLE_MODULES = YES;
				CODE_SIGN_IDENTITY = "";
				CODE_SIGN_STYLE = Automatic;
				DEFINES_MODULE = YES;
				DEVELOPMENT_TEAM = 7A5GV3DH33;
				DYLIB_COMPATIBILITY_VERSION = 1;
				DYLIB_CURRENT_VERSION = 1;
				DYLIB_INSTALL_NAME_BASE = "@rpath";
				INFOPLIST_FILE = ThemeKit/Info.plist;
				INSTALL_PATH = "$(LOCAL_LIBRARY_DIR)/Frameworks";
				LD_RUNPATH_SEARCH_PATHS = (
					"$(inherited)",
					"@executable_path/Frameworks",
					"@loader_path/Frameworks",
				);
				PRODUCT_BUNDLE_IDENTIFIER = me.octree.ThemeKit;
				PRODUCT_NAME = "$(TARGET_NAME:c99extidentifier)";
				SKIP_INSTALL = YES;
				SWIFT_VERSION = 4.2;
				TARGETED_DEVICE_FAMILY = "1,2";
			};
			name = Release;
		};
		C285DBF321218D1D0097DE7C /* Debug */ = {
			isa = XCBuildConfiguration;
			buildSettings = {
				ALWAYS_EMBED_SWIFT_STANDARD_LIBRARIES = YES;
				CODE_SIGN_STYLE = Automatic;
				DEVELOPMENT_TEAM = 7A5GV3DH33;
				INFOPLIST_FILE = ThemeKitTests/Info.plist;
				LD_RUNPATH_SEARCH_PATHS = (
					"$(inherited)",
					"@executable_path/Frameworks",
					"@loader_path/Frameworks",
				);
				PRODUCT_BUNDLE_IDENTIFIER = me.octree.ThemeKitTests;
				PRODUCT_NAME = "$(TARGET_NAME)";
				SWIFT_VERSION = 4.2;
				TARGETED_DEVICE_FAMILY = "1,2";
			};
			name = Debug;
		};
		C285DBF421218D1D0097DE7C /* Release */ = {
			isa = XCBuildConfiguration;
			buildSettings = {
				ALWAYS_EMBED_SWIFT_STANDARD_LIBRARIES = YES;
				CODE_SIGN_STYLE = Automatic;
				DEVELOPMENT_TEAM = 7A5GV3DH33;
				INFOPLIST_FILE = ThemeKitTests/Info.plist;
				LD_RUNPATH_SEARCH_PATHS = (
					"$(inherited)",
					"@executable_path/Frameworks",
					"@loader_path/Frameworks",
				);
				PRODUCT_BUNDLE_IDENTIFIER = me.octree.ThemeKitTests;
				PRODUCT_NAME = "$(TARGET_NAME)";
				SWIFT_VERSION = 4.2;
				TARGETED_DEVICE_FAMILY = "1,2";
			};
			name = Release;
		};
		C285DC1421218EF80097DE7C /* Debug */ = {
			isa = XCBuildConfiguration;
			buildSettings = {
				ALWAYS_EMBED_SWIFT_STANDARD_LIBRARIES = YES;
				ASSETCATALOG_COMPILER_APPICON_NAME = AppIcon;
				CODE_SIGN_STYLE = Automatic;
				DEVELOPMENT_TEAM = 7A5GV3DH33;
				FRAMEWORK_SEARCH_PATHS = (
					"$(inherited)",
					"$(PROJECT_DIR)/Carthage/Build/iOS",
				);
				INFOPLIST_FILE = Demo/Info.plist;
				LD_RUNPATH_SEARCH_PATHS = (
					"$(inherited)",
					"@executable_path/Frameworks",
				);
				PRODUCT_BUNDLE_IDENTIFIER = me.octree.Demo;
				PRODUCT_NAME = "$(TARGET_NAME)";
				SWIFT_VERSION = 4.2;
				TARGETED_DEVICE_FAMILY = "1,2";
			};
			name = Debug;
		};
		C285DC1521218EF80097DE7C /* Release */ = {
			isa = XCBuildConfiguration;
			buildSettings = {
				ALWAYS_EMBED_SWIFT_STANDARD_LIBRARIES = YES;
				ASSETCATALOG_COMPILER_APPICON_NAME = AppIcon;
				CODE_SIGN_STYLE = Automatic;
				DEVELOPMENT_TEAM = 7A5GV3DH33;
				FRAMEWORK_SEARCH_PATHS = (
					"$(inherited)",
					"$(PROJECT_DIR)/Carthage/Build/iOS",
				);
				INFOPLIST_FILE = Demo/Info.plist;
				LD_RUNPATH_SEARCH_PATHS = (
					"$(inherited)",
					"@executable_path/Frameworks",
				);
				PRODUCT_BUNDLE_IDENTIFIER = me.octree.Demo;
				PRODUCT_NAME = "$(TARGET_NAME)";
				SWIFT_VERSION = 4.2;
				TARGETED_DEVICE_FAMILY = "1,2";
			};
			name = Release;
		};
		C285DC1721218EF80097DE7C /* Debug */ = {
			isa = XCBuildConfiguration;
			buildSettings = {
				ALWAYS_EMBED_SWIFT_STANDARD_LIBRARIES = YES;
				BUNDLE_LOADER = "$(TEST_HOST)";
				CODE_SIGN_STYLE = Automatic;
				DEVELOPMENT_TEAM = 7A5GV3DH33;
				INFOPLIST_FILE = DemoTests/Info.plist;
				LD_RUNPATH_SEARCH_PATHS = (
					"$(inherited)",
					"@executable_path/Frameworks",
					"@loader_path/Frameworks",
				);
				PRODUCT_BUNDLE_IDENTIFIER = me.octree.DemoTests;
				PRODUCT_NAME = "$(TARGET_NAME)";
				SWIFT_VERSION = 4.2;
				TARGETED_DEVICE_FAMILY = "1,2";
				TEST_HOST = "$(BUILT_PRODUCTS_DIR)/Demo.app/Demo";
			};
			name = Debug;
		};
		C285DC1821218EF80097DE7C /* Release */ = {
			isa = XCBuildConfiguration;
			buildSettings = {
				ALWAYS_EMBED_SWIFT_STANDARD_LIBRARIES = YES;
				BUNDLE_LOADER = "$(TEST_HOST)";
				CODE_SIGN_STYLE = Automatic;
				DEVELOPMENT_TEAM = 7A5GV3DH33;
				INFOPLIST_FILE = DemoTests/Info.plist;
				LD_RUNPATH_SEARCH_PATHS = (
					"$(inherited)",
					"@executable_path/Frameworks",
					"@loader_path/Frameworks",
				);
				PRODUCT_BUNDLE_IDENTIFIER = me.octree.DemoTests;
				PRODUCT_NAME = "$(TARGET_NAME)";
				SWIFT_VERSION = 4.2;
				TARGETED_DEVICE_FAMILY = "1,2";
				TEST_HOST = "$(BUILT_PRODUCTS_DIR)/Demo.app/Demo";
			};
			name = Release;
		};
/* End XCBuildConfiguration section */

/* Begin XCConfigurationList section */
		C285DBD521218D1D0097DE7C /* Build configuration list for PBXProject "ThemeKit" */ = {
			isa = XCConfigurationList;
			buildConfigurations = (
				C285DBED21218D1D0097DE7C /* Debug */,
				C285DBEE21218D1D0097DE7C /* Release */,
			);
			defaultConfigurationIsVisible = 0;
			defaultConfigurationName = Release;
		};
		C285DBEF21218D1D0097DE7C /* Build configuration list for PBXNativeTarget "ThemeKit" */ = {
			isa = XCConfigurationList;
			buildConfigurations = (
				C285DBF021218D1D0097DE7C /* Debug */,
				C285DBF121218D1D0097DE7C /* Release */,
			);
			defaultConfigurationIsVisible = 0;
			defaultConfigurationName = Release;
		};
		C285DBF221218D1D0097DE7C /* Build configuration list for PBXNativeTarget "ThemeKitTests" */ = {
			isa = XCConfigurationList;
			buildConfigurations = (
				C285DBF321218D1D0097DE7C /* Debug */,
				C285DBF421218D1D0097DE7C /* Release */,
			);
			defaultConfigurationIsVisible = 0;
			defaultConfigurationName = Release;
		};
		C285DC1321218EF80097DE7C /* Build configuration list for PBXNativeTarget "Demo" */ = {
			isa = XCConfigurationList;
			buildConfigurations = (
				C285DC1421218EF80097DE7C /* Debug */,
				C285DC1521218EF80097DE7C /* Release */,
			);
			defaultConfigurationIsVisible = 0;
			defaultConfigurationName = Release;
		};
		C285DC1621218EF80097DE7C /* Build configuration list for PBXNativeTarget "DemoTests" */ = {
			isa = XCConfigurationList;
			buildConfigurations = (
				C285DC1721218EF80097DE7C /* Debug */,
				C285DC1821218EF80097DE7C /* Release */,
			);
			defaultConfigurationIsVisible = 0;
			defaultConfigurationName = Release;
		};
/* End XCConfigurationList section */
	};
	rootObject = C285DBD221218D1D0097DE7C /* Project object */;
}
